
Microsoft Visual Studio Solution File, Format Version 12.00
# Visual Studio Version 16
VisualStudioVersion = 16.0.32802.440
MinimumVisualStudioVersion = 10.0.40219.1
Project("{FAE04EC0-301F-11D3-BF4B-00C04F79EFBC}") = "INIT_OPTIMES", "INIT_OPTIMES.csproj", "{54441F1C-1CAD-4722-B329-A62A80B05A43}"
EndProject
Global
	GlobalSection(SolutionConfigurationPlatforms) = preSolution
		Debug|Any CPU = Debug|Any CPU
		Debug|x86 = Debug|x86
		Release|Any CPU = Release|Any CPU
		Release|x86 = Release|x86
	EndGlobalSection
	GlobalSection(ProjectConfigurationPlatforms) = postSolution
		{54441F1C-1CAD-4722-B329-A62A80B05A43}.Debug|Any CPU.ActiveCfg = Debug|Any CPU
		{54441F1C-1CAD-4722-B329-A62A80B05A43}.Debug|Any CPU.Build.0 = Debug|Any CPU
		{54441F1C-1CAD-4722-B329-A62A80B05A43}.Debug|x86.ActiveCfg = Debug|x86
		{54441F1C-1CAD-4722-B329-A62A80B05A43}.Debug|x86.Build.0 = Debug|x86
		{54441F1C-1CAD-4722-B329-A62A80B05A43}.Release|Any CPU.ActiveCfg = Release|Any CPU
		{54441F1C-1CAD-4722-B329-A62A80B05A43}.Release|Any CPU.Build.0 = Release|Any CPU
		{54441F1C-1CAD-4722-B329-A62A80B05A43}.Release|x86.ActiveCfg = Release|x86
		{54441F1C-1CAD-4722-B329-A62A80B05A43}.Release|x86.Build.0 = Release|x86
	EndGlobalSection
	GlobalSection(SolutionProperties) = preSolution
		HideSolutionNode = FALSE
	EndGlobalSection
	GlobalSection(ExtensibilityGlobals) = postSolution
		SolutionGuid = {E7DD4F03-B781-4D25-98E4-01C25560560A}
	EndGlobalSection
	GlobalSection(SourceCodeControl) = preSolution
		SccNumberOfProjects = 2
		SccLocalPath0 = .
		SccProjectUniqueName1 = INIT_OPTIMES.csproj
		SccLocalPath1 = .
	EndGlobalSection
EndGlobal
